
Microsoft Visual Studio Solution File, Format Version 12.00
# Visual Studio Version 17
VisualStudioVersion = 17.6.33723.286
MinimumVisualStudioVersion = 10.0.40219.1
Project("{9A19103F-16F7-4668-BE54-9A1E7A4F7556}") = "Chef_Helper_API", "Chef_Helper_API\Chef_Helper_API.csproj", "{9E08AAFB-C962-48AD-8A7B-274CFD4E133F}"
EndProject
Project("{9A19103F-16F7-4668-BE54-9A1E7A4F7556}") = "Chef_Helper_Web", "Chef_Helper_Web\Chef_Helper_Web.csproj", "{9364CD29-0CD1-4BB0-AEA4-F37A7D502FFA}"
EndProject
Global
	GlobalSection(SolutionConfigurationPlatforms) = preSolution
		Debug|Any CPU = Debug|Any CPU
		Release|Any CPU = Release|Any CPU
	EndGlobalSection
	GlobalSection(ProjectConfigurationPlatforms) = postSolution
		{9E08AAFB-C962-48AD-8A7B-274CFD4E133F}.Debug|Any CPU.ActiveCfg = Debug|Any CPU
		{9E08AAFB-C962-48AD-8A7B-274CFD4E133F}.Debug|Any CPU.Build.0 = Debug|Any CPU
		{9E08AAFB-C962-48AD-8A7B-274CFD4E133F}.Release|Any CPU.ActiveCfg = Release|Any CPU
		{9E08AAFB-C962-48AD-8A7B-274CFD4E133F}.Release|Any CPU.Build.0 = Release|Any CPU
		{9364CD29-0CD1-4BB0-AEA4-F37A7D502FFA}.Debug|Any CPU.ActiveCfg = Debug|Any CPU
		{9364CD29-0CD1-4BB0-AEA4-F37A7D502FFA}.Debug|Any CPU.Build.0 = Debug|Any CPU
		{9364CD29-0CD1-4BB0-AEA4-F37A7D502FFA}.Release|Any CPU.ActiveCfg = Release|Any CPU
		{9364CD29-0CD1-4BB0-AEA4-F37A7D502FFA}.Release|Any CPU.Build.0 = Release|Any CPU
	EndGlobalSection
	GlobalSection(SolutionProperties) = preSolution
		HideSolutionNode = FALSE
	EndGlobalSection
	GlobalSection(ExtensibilityGlobals) = postSolution
		SolutionGuid = {3EB7AF15-3BBF-41D1-9157-C6F2585B582C}
	EndGlobalSection
EndGlobal
